{
  "name": "instant-client-oracledb",
  "version": "0.0.1",
  "lockfileVersion": 2,
  "requires": true,
  "packages": {
    "": {
      "name": "instant-client-oracledb",
      "version": "0.0.1",
      "bundleDependencies": [
        "@types/node"
      ],
      "cpu": [
        "x64",
        "!arm",
        "!mips"
      ],
      "license": "MIT",
      "os": [
        "linux",
        "!darwin",
        "!win32"
      ],
      "bin": {
        "instant-client-oracledb": "install.sh"
      },
      "devDependencies": {
        "@types/node": "18.11.18"
      },
      "engines": {
        "node": ">=14.20.1",
        "npm": ">=6.14.17"
      }
    },
    "node_modules/@types/node": {
      "version": "18.11.18",
      "resolved": "https://registry.npmjs.org/@types/node/-/node-18.11.18.tgz",
      "integrity": "sha512-DHQpWGjyQKSHj3ebjFI/wRKcqQcdR+MoFBygntYOZytCqNfkd2ZC4ARDJ2DQqhjH5p85Nnd3jhUJIXrszFX/JA==",
      "dev": true,
      "inBundle": true
    }
  },
  "dependencies": {
    "@types/node": {
      "version": "18.11.18",
      "resolved": "https://registry.npmjs.org/@types/node/-/node-18.11.18.tgz",
      "integrity": "sha512-DHQpWGjyQKSHj3ebjFI/wRKcqQcdR+MoFBygntYOZytCqNfkd2ZC4ARDJ2DQqhjH5p85Nnd3jhUJIXrszFX/JA==",
      "dev": true
    }
  }
}
